// !$*UTF8*$!
{
	archiveVersion = 1;
	classes = {
	};
	objectVersion = 77;
	objects = {

/* Begin PBXBuildFile section */
		34CDAAC43F9C55F572A4A5FB /* Foundation.framework in Frameworks */ = {isa = PBXBuildFile; fileRef = 17E5052CC0C5AC9989FF8CAD /* Foundation.framework */; };
		69B09228F7FFAD95A0FB9193 /* BookReaderShareExtension.appex in Embed Foundation Extensions */ = {isa = PBXBuildFile; fileRef = 2D9860C4994D1E6532E57DD3 /* BookReaderShareExtension.appex */; settings = {ATTRIBUTES = (RemoveHeadersOnCopy, ); }; };
/* End PBXBuildFile section */

/* Begin PBXContainerItemProxy section */
		0B21DD443049C9840055F2C9 /* PBXContainerItemProxy */ = {
			isa = PBXContainerItemProxy;
			containerPortal = 0B21DD2B3049C9830055F2C9 /* Project object */;
			proxyType = 1;
			remoteGlobalIDString = 0B21DD323049C9830055F2C9;
			remoteInfo = BookReader;
		};
		0B21DD4E3049C9840055F2C9 /* PBXContainerItemProxy */ = {
			isa = PBXContainerItemProxy;
			containerPortal = 0B21DD2B3049C9830055F2C9 /* Project object */;
			proxyType = 1;
			remoteGlobalIDString = 0B21DD323049C9830055F2C9;
			remoteInfo = BookReader;
		};
		22794B8EF493391531C5B507 /* PBXContainerItemProxy */ = {
			isa = PBXContainerItemProxy;
			containerPortal = 0B21DD2B3049C9830055F2C9 /* Project object */;
			proxyType = 1;
			remoteGlobalIDString = 4644102E3F2560C2E692B82F;
			remoteInfo = BookReaderShareExtension;
		};
/* End PBXContainerItemProxy section */

/* Begin PBXCopyFilesBuildPhase section */
		48B0F0B73E7547834B8B5068 /* Embed Foundation Extensions */ = {
			isa = PBXCopyFilesBuildPhase;
			buildActionMask = 2147483647;
			dstPath = "";
			dstSubfolderSpec = 13;
			files = (
				69B09228F7FFAD95A0FB9193 /* BookReaderShareExtension.appex in Embed Foundation Extensions */,
			);
			name = "Embed Foundation Extensions";
			runOnlyForDeploymentPostprocessing = 0;
		};
/* End PBXCopyFilesBuildPhase section */

/* Begin PBXFileReference section */
		0B21DD333049C9830055F2C9 /* BookReader.app */ = {isa = PBXFileReference; explicitFileType = wrapper.application; includeInIndex = 0; path = BookReader.app; sourceTree = BUILT_PRODUCTS_DIR; };
		0B21DD433049C9840055F2C9 /* BookReaderTests.xctest */ = {isa = PBXFileReference; explicitFileType = wrapper.cfbundle; includeInIndex = 0; path = BookReaderTests.xctest; sourceTree = BUILT_PRODUCTS_DIR; };
		0B21DD4D3049C9840055F2C9 /* BookReaderUITests.xctest */ = {isa = PBXFileReference; explicitFileType = wrapper.cfbundle; includeInIndex = 0; path = BookReaderUITests.xctest; sourceTree = BUILT_PRODUCTS_DIR; };
		17E5052CC0C5AC9989FF8CAD /* Foundation.framework */ = {isa = PBXFileReference; lastKnownFileType = wrapper.framework; name = Foundation.framework; path = Platforms/iPhoneOS.platform/Developer/SDKs/iPhoneOS26.0.sdk/System/Library/Frameworks/Foundation.framework; sourceTree = DEVELOPER_DIR; };
		2D9860C4994D1E6532E57DD3 /* BookReaderShareExtension.appex */ = {isa = PBXFileReference; explicitFileType = "wrapper.app-extension"; includeInIndex = 0; path = BookReaderShareExtension.appex; sourceTree = BUILT_PRODUCTS_DIR; };
/* End PBXFileReference section */

/* Begin PBXFileSystemSynchronizedBuildFileExceptionSet section */
		C0DF1DAE025733BAAFDCC6FA /* Exceptions for "BookReaderShareExtension" folder in "BookReaderShareExtension" target */ = {
			isa = PBXFileSystemSynchronizedBuildFileExceptionSet;
			membershipExceptions = (
				Info.plist,
			);
			target = 4644102E3F2560C2E692B82F /* BookReaderShareExtension */;
		};
		FBF35BF17464F33B31B6A011 /* Exceptions for "BookReader" folder in "BookReaderShareExtension" target */ = {
			isa = PBXFileSystemSynchronizedBuildFileExceptionSet;
			membershipExceptions = (
				BookReaderApp.swift,
				RootView.swift,
			);
			target = 4644102E3F2560C2E692B82F /* BookReaderShareExtension */;
		};
/* End PBXFileSystemSynchronizedBuildFileExceptionSet section */

/* Begin PBXFileSystemSynchronizedRootGroup section */
		0B21DD353049C9830055F2C9 /* BookReader */ = {
			isa = PBXFileSystemSynchronizedRootGroup;
			exceptions = (
				FBF35BF17464F33B31B6A011 /* Exceptions for "BookReader" folder in "BookReaderShareExtension" target */,
			);
			path = BookReader;
			sourceTree = "<group>";
		};
		0B21DD463049C9840055F2C9 /* BookReaderTests */ = {
			isa = PBXFileSystemSynchronizedRootGroup;
			path = BookReaderTests;
			sourceTree = "<group>";
		};
		0B21DD503049C9840055F2C9 /* BookReaderUITests */ = {
			isa = PBXFileSystemSynchronizedRootGroup;
			path = BookReaderUITests;
			sourceTree = "<group>";
		};
		79B5F12AFB33AFA02D63146C /* BookReaderShareExtension */ = {
			isa = PBXFileSystemSynchronizedRootGroup;
			exceptions = (
				C0DF1DAE025733BAAFDCC6FA /* Exceptions for "BookReaderShareExtension" folder in "BookReaderShareExtension" target */,
			);
			path = BookReaderShareExtension;
			sourceTree = "<group>";
		};
/* End PBXFileSystemSynchronizedRootGroup section */

/* Begin PBXFrameworksBuildPhase section */
		0B21DD303049C9830055F2C9 /* Frameworks */ = {
			isa = PBXFrameworksBuildPhase;
			buildActionMask = 2147483647;
			files = (
			);
			runOnlyForDeploymentPostprocessing = 0;
		};
		0B21DD403049C9840055F2C9 /* Frameworks */ = {
			isa = PBXFrameworksBuildPhase;
			buildActionMask = 2147483647;
			files = (
			);
			runOnlyForDeploymentPostprocessing = 0;
		};
		0B21DD4A3049C9840055F2C9 /* Frameworks */ = {
			isa = PBXFrameworksBuildPhase;
			buildActionMask = 2147483647;
			files = (
			);
			runOnlyForDeploymentPostprocessing = 0;
		};
		BB89C50E048DEBE2C2D3C2A3 /* Frameworks */ = {
			isa = PBXFrameworksBuildPhase;
			buildActionMask = 2147483647;
			files = (
				34CDAAC43F9C55F572A4A5FB /* Foundation.framework in Frameworks */,
			);
			runOnlyForDeploymentPostprocessing = 0;
		};
/* End PBXFrameworksBuildPhase section */

/* Begin PBXGroup section */
		0B21DD2A3049C9830055F2C9 = {
			isa = PBXGroup;
			children = (
				0B21DD353049C9830055F2C9 /* BookReader */,
				0B21DD463049C9840055F2C9 /* BookReaderTests */,
				0B21DD503049C9840055F2C9 /* BookReaderUITests */,
				0B21DD343049C9830055F2C9 /* Products */,
				3AA345F56EADE80312290BCE /* Frameworks */,
				79B5F12AFB33AFA02D63146C /* BookReaderShareExtension */,
			);
			sourceTree = "<group>";
		};
		0B21DD343049C9830055F2C9 /* Products */ = {
			isa = PBXGroup;
			children = (
				0B21DD333049C9830055F2C9 /* BookReader.app */,
				0B21DD433049C9840055F2C9 /* BookReaderTests.xctest */,
				0B21DD4D3049C9840055F2C9 /* BookReaderUITests.xctest */,
				2D9860C4994D1E6532E57DD3 /* BookReaderShareExtension.appex */,
			);
			name = Products;
			sourceTree = "<group>";
		};
		3AA345F56EADE80312290BCE /* Frameworks */ = {
			isa = PBXGroup;
			children = (
				4D39FA4CC03EF7C5B3EF5944 /* iOS */,
			);
			name = Frameworks;
			sourceTree = "<group>";
		};
		4D39FA4CC03EF7C5B3EF5944 /* iOS */ = {
			isa = PBXGroup;
			children = (
				17E5052CC0C5AC9989FF8CAD /* Foundation.framework */,
			);
			name = iOS;
			sourceTree = "<group>";
		};
/* End PBXGroup section */

/* Begin PBXNativeTarget section */
		0B21DD323049C9830055F2C9 /* BookReader */ = {
			isa = PBXNativeTarget;
			buildConfigurationList = 0B21DD573049C9840055F2C9 /* Build configuration list for PBXNativeTarget "BookReader" */;
			buildPhases = (
				0B21DD2F3049C9830055F2C9 /* Sources */,
				0B21DD303049C9830055F2C9 /* Frameworks */,
				0B21DD313049C9830055F2C9 /* Resources */,
				48B0F0B73E7547834B8B5068 /* Embed Foundation Extensions */,
			);
			buildRules = (
			);
			dependencies = (
				339D8D38CFC3FA28E782A1AB /* PBXTargetDependency */,
			);
			fileSystemSynchronizedGroups = (
				0B21DD353049C9830055F2C9 /* BookReader */,
			);
			name = BookReader;
			productName = BookReader;
			productReference = 0B21DD333049C9830055F2C9 /* BookReader.app */;
			productType = "com.apple.product-type.application";
		};
		0B21DD423049C9840055F2C9 /* BookReaderTests */ = {
			isa = PBXNativeTarget;
			buildConfigurationList = 0B21DD5A3049C9840055F2C9 /* Build configuration list for PBXNativeTarget "BookReaderTests" */;
			buildPhases = (
				0B21DD3F3049C9840055F2C9 /* Sources */,
				0B21DD403049C9840055F2C9 /* Frameworks */,
				0B21DD413049C9840055F2C9 /* Resources */,
			);
			buildRules = (
			);
			dependencies = (
				0B21DD453049C9840055F2C9 /* PBXTargetDependency */,
			);
			fileSystemSynchronizedGroups = (
				0B21DD463049C9840055F2C9 /* BookReaderTests */,
			);
			name = BookReaderTests;
			productName = BookReaderTests;
			productReference = 0B21DD433049C9840055F2C9 /* BookReaderTests.xctest */;
			productType = "com.apple.product-type.bundle.unit-test";
		};
		0B21DD4C3049C9840055F2C9 /* BookReaderUITests */ = {
			isa = PBXNativeTarget;
			buildConfigurationList = 0B21DD5D3049C9840055F2C9 /* Build configuration list for PBXNativeTarget "BookReaderUITests" */;
			buildPhases = (
				0B21DD493049C9840055F2C9 /* Sources */,
				0B21DD4A3049C9840055F2C9 /* Frameworks */,
				0B21DD4B3049C9840055F2C9 /* Resources */,
			);
			buildRules = (
			);
			dependencies = (
				0B21DD4F3049C9840055F2C9 /* PBXTargetDependency */,
			);
			fileSystemSynchronizedGroups = (
				0B21DD503049C9840055F2C9 /* BookReaderUITests */,
			);
			name = BookReaderUITests;
			productName = BookReaderUITests;
			productReference = 0B21DD4D3049C9840055F2C9 /* BookReaderUITests.xctest */;
			productType = "com.apple.product-type.bundle.ui-testing";
		};
		4644102E3F2560C2E692B82F /* BookReaderShareExtension */ = {
			isa = PBXNativeTarget;
			buildConfigurationList = E18D29C4885E71C8E0756DE4 /* Build configuration list for PBXNativeTarget "BookReaderShareExtension" */;
			buildPhases = (
				13B087B44B64E1AFED3A36EA /* Sources */,
				BB89C50E048DEBE2C2D3C2A3 /* Frameworks */,
				44D6F07C0AF303DF635BFC6D /* Resources */,
			);
			buildRules = (
			);
			dependencies = (
			);
			fileSystemSynchronizedGroups = (
				0B21DD353049C9830055F2C9 /* BookReader */,
				79B5F12AFB33AFA02D63146C /* BookReaderShareExtension */,
			);
			name = BookReaderShareExtension;
			productName = BookReaderShareExtension;
			productReference = 2D9860C4994D1E6532E57DD3 /* BookReaderShareExtension.appex */;
			productType = "com.apple.product-type.app-extension";
		};
/* End PBXNativeTarget section */

/* Begin PBXProject section */
		0B21DD2B3049C9830055F2C9 /* Project object */ = {
			isa = PBXProject;
			attributes = {
				BuildIndependentTargetsInParallel = 1;
				LastSwiftUpdateCheck = 1610;
				LastUpgradeCheck = 1610;
				TargetAttributes = {
					0B21DD323049C9830055F2C9 = {
						CreatedOnToolsVersion = 16.1;
					};
					0B21DD423049C9840055F2C9 = {
						CreatedOnToolsVersion = 16.1;
						TestTargetID = 0B21DD323049C9830055F2C9;
					};
					0B21DD4C3049C9840055F2C9 = {
						CreatedOnToolsVersion = 16.1;
						TestTargetID = 0B21DD323049C9830055F2C9;
					};
				};
			};
			buildConfigurationList = 0B21DD2E3049C9830055F2C9 /* Build configuration list for PBXProject "BookReader" */;
			developmentRegion = en;
			hasScannedForEncodings = 0;
			knownRegions = (
				en,
				Base,
			);
			mainGroup = 0B21DD2A3049C9830055F2C9;
			minimizedProjectReferenceProxies = 1;
			preferredProjectObjectVersion = 77;
			productRefGroup = 0B21DD343049C9830055F2C9 /* Products */;
			projectDirPath = "";
			projectRoot = "";
			targets = (
				0B21DD323049C9830055F2C9 /* BookReader */,
				0B21DD423049C9840055F2C9 /* BookReaderTests */,
				0B21DD4C3049C9840055F2C9 /* BookReaderUITests */,
				4644102E3F2560C2E692B82F /* BookReaderShareExtension */,
			);
		};
/* End PBXProject section */

/* Begin PBXResourcesBuildPhase section */
		0B21DD313049C9830055F2C9 /* Resources */ = {
			isa = PBXResourcesBuildPhase;
			buildActionMask = 2147483647;
			files = (
			);
			runOnlyForDeploymentPostprocessing = 0;
		};
		0B21DD413049C9840055F2C9 /* Resources */ = {
			isa = PBXResourcesBuildPhase;
			buildActionMask = 2147483647;
			files = (
			);
			runOnlyForDeploymentPostprocessing = 0;
		};
		0B21DD4B3049C9840055F2C9 /* Resources */ = {
			isa = PBXResourcesBuildPhase;
			buildActionMask = 2147483647;
			files = (
			);
			runOnlyForDeploymentPostprocessing = 0;
		};
		44D6F07C0AF303DF635BFC6D /* Resources */ = {
			isa = PBXResourcesBuildPhase;
			buildActionMask = 2147483647;
			files = (
			);
			runOnlyForDeploymentPostprocessing = 0;
		};
/* End PBXResourcesBuildPhase section */

/* Begin PBXSourcesBuildPhase section */
		0B21DD2F3049C9830055F2C9 /* Sources */ = {
			isa = PBXSourcesBuildPhase;
			buildActionMask = 2147483647;
			files = (
			);
			runOnlyForDeploymentPostprocessing = 0;
		};
		0B21DD3F3049C9840055F2C9 /* Sources */ = {
			isa = PBXSourcesBuildPhase;
			buildActionMask = 2147483647;
			files = (
			);
			runOnlyForDeploymentPostprocessing = 0;
		};
		0B21DD493049C9840055F2C9 /* Sources */ = {
			isa = PBXSourcesBuildPhase;
			buildActionMask = 2147483647;
			files = (
			);
			runOnlyForDeploymentPostprocessing = 0;
		};
		13B087B44B64E1AFED3A36EA /* Sources */ = {
			isa = PBXSourcesBuildPhase;
			buildActionMask = 2147483647;
			files = (
			);
			runOnlyForDeploymentPostprocessing = 0;
		};
/* End PBXSourcesBuildPhase section */

/* Begin PBXTargetDependency section */
		0B21DD453049C9840055F2C9 /* PBXTargetDependency */ = {
			isa = PBXTargetDependency;
			target = 0B21DD323049C9830055F2C9 /* BookReader */;
			targetProxy = 0B21DD443049C9840055F2C9 /* PBXContainerItemProxy */;
		};
		0B21DD4F3049C9840055F2C9 /* PBXTargetDependency */ = {
			isa = PBXTargetDependency;
			target = 0B21DD323049C9830055F2C9 /* BookReader */;
			targetProxy = 0B21DD4E3049C9840055F2C9 /* PBXContainerItemProxy */;
		};
		339D8D38CFC3FA28E782A1AB /* PBXTargetDependency */ = {
			isa = PBXTargetDependency;
			name = BookReaderShareExtension;
			target = 4644102E3F2560C2E692B82F /* BookReaderShareExtension */;
			targetProxy = 22794B8EF493391531C5B507 /* PBXContainerItemProxy */;
		};
/* End PBXTargetDependency section */

/* Begin XCBuildConfiguration section */
		0B21DD553049C9840055F2C9 /* Debug */ = {
			isa = XCBuildConfiguration;
			buildSettings = {
				ALWAYS_SEARCH_USER_PATHS = NO;
				ASSETCATALOG_COMPILER_GENERATE_SWIFT_ASSET_SYMBOL_EXTENSIONS = YES;
				CLANG_ANALYZER_NONNULL = YES;
				CLANG_ANALYZER_NUMBER_OBJECT_CONVERSION = YES_AGGRESSIVE;
				CLANG_CXX_LANGUAGE_STANDARD = "gnu++20";
				CLANG_ENABLE_MODULES = YES;
				CLANG_ENABLE_OBJC_ARC = YES;
				CLANG_ENABLE_OBJC_WEAK = YES;
				CLANG_WARN_BLOCK_CAPTURE_AUTORELEASING = YES;
				CLANG_WARN_BOOL_CONVERSION = YES;
				CLANG_WARN_COMMA = YES;
				CLANG_WARN_CONSTANT_CONVERSION = YES;
				CLANG_WARN_DEPRECATED_OBJC_IMPLEMENTATIONS = YES;
				CLANG_WARN_DIRECT_OBJC_ISA_USAGE = YES_ERROR;
				CLANG_WARN_DOCUMENTATION_COMMENTS = YES;
				CLANG_WARN_EMPTY_BODY = YES;
				CLANG_WARN_ENUM_CONVERSION = YES;
				CLANG_WARN_INFINITE_RECURSION = YES;
				CLANG_WARN_INT_CONVERSION = YES;
				CLANG_WARN_NON_LITERAL_NULL_CONVERSION = YES;
				CLANG_WARN_OBJC_IMPLICIT_RETAIN_SELF = YES;
				CLANG_WARN_OBJC_LITERAL_CONVERSION = YES;
				CLANG_WARN_OBJC_ROOT_CLASS = YES_ERROR;
				CLANG_WARN_QUOTED_INCLUDE_IN_FRAMEWORK_HEADER = YES;
				CLANG_WARN_RANGE_LOOP_ANALYSIS = YES;
				CLANG_WARN_STRICT_PROTOTYPES = YES;
				CLANG_WARN_SUSPICIOUS_MOVE = YES;
				CLANG_WARN_UNGUARDED_AVAILABILITY = YES_AGGRESSIVE;
				CLANG_WARN_UNREACHABLE_CODE = YES;
				CLANG_WARN__DUPLICATE_METHOD_MATCH = YES;
				COPY_PHASE_STRIP = NO;
				DEBUG_INFORMATION_FORMAT = dwarf;
				ENABLE_STRICT_OBJC_MSGSEND = YES;
				ENABLE_TESTABILITY = YES;
				ENABLE_USER_SCRIPT_SANDBOXING = YES;
				GCC_C_LANGUAGE_STANDARD = gnu17;
				GCC_DYNAMIC_NO_PIC = NO;
				GCC_NO_COMMON_BLOCKS = YES;
				GCC_OPTIMIZATION_LEVEL = 0;
				GCC_PREPROCESSOR_DEFINITIONS = (
					"DEBUG=1",
					"$(inherited)",
				);
				GCC_WARN_64_TO_32_BIT_CONVERSION = YES;
				GCC_WARN_ABOUT_RETURN_TYPE = YES_ERROR;
				GCC_WARN_UNDECLARED_SELECTOR = YES;
				GCC_WARN_UNINITIALIZED_AUTOS = YES_AGGRESSIVE;
				GCC_WARN_UNUSED_FUNCTION = YES;
				GCC_WARN_UNUSED_VARIABLE = YES;
				IPHONEOS_DEPLOYMENT_TARGET = 18.1;
				LOCALIZATION_PREFERS_STRING_CATALOGS = YES;
				MTL_ENABLE_DEBUG_INFO = INCLUDE_SOURCE;
				MTL_FAST_MATH = YES;
				ONLY_ACTIVE_ARCH = YES;
				SDKROOT = iphoneos;
				SWIFT_ACTIVE_COMPILATION_CONDITIONS = "DEBUG $(inherited)";
				SWIFT_OPTIMIZATION_LEVEL = "-Onone";
			};
			name = Debug;
		};
		0B21DD563049C9840055F2C9 /* Release */ = {
			isa = XCBuildConfiguration;
			buildSettings = {
				ALWAYS_SEARCH_USER_PATHS = NO;
				ASSETCATALOG_COMPILER_GENERATE_SWIFT_ASSET_SYMBOL_EXTENSIONS = YES;
				CLANG_ANALYZER_NONNULL = YES;
				CLANG_ANALYZER_NUMBER_OBJECT_CONVERSION = YES_AGGRESSIVE;
				CLANG_CXX_LANGUAGE_STANDARD = "gnu++20";
				CLANG_ENABLE_MODULES = YES;
				CLANG_ENABLE_OBJC_ARC = YES;
				CLANG_ENABLE_OBJC_WEAK = YES;
				CLANG_WARN_BLOCK_CAPTURE_AUTORELEASING = YES;
				CLANG_WARN_BOOL_CONVERSION = YES;
				CLANG_WARN_COMMA = YES;
				CLANG_WARN_CONSTANT_CONVERSION = YES;
				CLANG_WARN_DEPRECATED_OBJC_IMPLEMENTATIONS = YES;
				CLANG_WARN_DIRECT_OBJC_ISA_USAGE = YES_ERROR;
				CLANG_WARN_DOCUMENTATION_COMMENTS = YES;
				CLANG_WARN_EMPTY_BODY = YES;
				CLANG_WARN_ENUM_CONVERSION = YES;
				CLANG_WARN_INFINITE_RECURSION = YES;
				CLANG_WARN_INT_CONVERSION = YES;
				CLANG_WARN_NON_LITERAL_NULL_CONVERSION = YES;
				CLANG_WARN_OBJC_IMPLICIT_RETAIN_SELF = YES;
				CLANG_WARN_OBJC_LITERAL_CONVERSION = YES;
				CLANG_WARN_OBJC_ROOT_CLASS = YES_ERROR;
				CLANG_WARN_QUOTED_INCLUDE_IN_FRAMEWORK_HEADER = YES;
				CLANG_WARN_RANGE_LOOP_ANALYSIS = YES;
				CLANG_WARN_STRICT_PROTOTYPES = YES;
				CLANG_WARN_SUSPICIOUS_MOVE = YES;
				CLANG_WARN_UNGUARDED_AVAILABILITY = YES_AGGRESSIVE;
				CLANG_WARN_UNREACHABLE_CODE = YES;
				CLANG_WARN__DUPLICATE_METHOD_MATCH = YES;
				COPY_PHASE_STRIP = NO;
				DEBUG_INFORMATION_FORMAT = "dwarf-with-dsym";
				ENABLE_NS_ASSERTIONS = NO;
				ENABLE_STRICT_OBJC_MSGSEND = YES;
				ENABLE_USER_SCRIPT_SANDBOXING = YES;
				GCC_C_LANGUAGE_STANDARD = gnu17;
				GCC_NO_COMMON_BLOCKS = YES;
				GCC_WARN_64_TO_32_BIT_CONVERSION = YES;
				GCC_WARN_ABOUT_RETURN_TYPE = YES_ERROR;
				GCC_WARN_UNDECLARED_SELECTOR = YES;
				GCC_WARN_UNINITIALIZED_AUTOS = YES_AGGRESSIVE;
				GCC_WARN_UNUSED_FUNCTION = YES;
				GCC_WARN_UNUSED_VARIABLE = YES;
				IPHONEOS_DEPLOYMENT_TARGET = 18.1;
				LOCALIZATION_PREFERS_STRING_CATALOGS = YES;
				MTL_ENABLE_DEBUG_INFO = NO;
				MTL_FAST_MATH = YES;
				SDKROOT = iphoneos;
				SWIFT_COMPILATION_MODE = wholemodule;
				VALIDATE_PRODUCT = YES;
			};
			name = Release;
		};
		0B21DD583049C9840055F2C9 /* Debug */ = {
			isa = XCBuildConfiguration;
			buildSettings = {
				ASSETCATALOG_COMPILER_APPICON_NAME = AppIcon;
				ASSETCATALOG_COMPILER_GLOBAL_ACCENT_COLOR_NAME = AccentColor;
				CODE_SIGN_ENTITLEMENTS = BookReader/BookReader.entitlements;
				CODE_SIGN_STYLE = Automatic;
				CURRENT_PROJECT_VERSION = 1;
				DEVELOPMENT_ASSET_PATHS = "\"BookReader/Preview Content\"";
				DEVELOPMENT_TEAM = 59B5C482UW;
				ENABLE_PREVIEWS = YES;
				GENERATE_INFOPLIST_FILE = YES;
				INFOPLIST_KEY_NSCameraUsageDescription = "バーコードや背表紙をスキャンして本を登録・判定するためにカメラを使用します。";
				INFOPLIST_KEY_NSUserTrackingUsageDescription = "広告の表示品質向上のためにトラッキングの許可をお願いしています。";
				INFOPLIST_KEY_UIApplicationSceneManifest_Generation = YES;
				INFOPLIST_KEY_UIApplicationSupportsIndirectInputEvents = YES;
				INFOPLIST_KEY_UILaunchScreen_Generation = YES;
				INFOPLIST_KEY_UISupportedInterfaceOrientations_iPad = "UIInterfaceOrientationPortrait UIInterfaceOrientationPortraitUpsideDown UIInterfaceOrientationLandscapeLeft UIInterfaceOrientationLandscapeRight";
				INFOPLIST_KEY_UISupportedInterfaceOrientations_iPhone = "UIInterfaceOrientationPortrait UIInterfaceOrientationLandscapeLeft UIInterfaceOrientationLandscapeRight";
				LD_RUNPATH_SEARCH_PATHS = (
					"$(inherited)",
					"@executable_path/Frameworks",
				);
				MARKETING_VERSION = 1.0;
				PRODUCT_BUNDLE_IDENTIFIER = simizuatusi.com.BookReader;
				PRODUCT_NAME = "$(TARGET_NAME)";
				SWIFT_EMIT_LOC_STRINGS = YES;
				SWIFT_VERSION = 5.0;
				TARGETED_DEVICE_FAMILY = "1,2";
			};
			name = Debug;
		};
		0B21DD593049C9840055F2C9 /* Release */ = {
			isa = XCBuildConfiguration;
			buildSettings = {
				ASSETCATALOG_COMPILER_APPICON_NAME = AppIcon;
				ASSETCATALOG_COMPILER_GLOBAL_ACCENT_COLOR_NAME = AccentColor;
				CODE_SIGN_ENTITLEMENTS = BookReader/BookReader.entitlements;
				CODE_SIGN_STYLE = Automatic;
				CURRENT_PROJECT_VERSION = 1;
				DEVELOPMENT_ASSET_PATHS = "\"BookReader/Preview Content\"";
				DEVELOPMENT_TEAM = 59B5C482UW;
				ENABLE_PREVIEWS = YES;
				GENERATE_INFOPLIST_FILE = YES;
				INFOPLIST_KEY_NSCameraUsageDescription = "バーコードや背表紙をスキャンして本を登録・判定するためにカメラを使用します。";
				INFOPLIST_KEY_NSUserTrackingUsageDescription = "広告の表示品質向上のためにトラッキングの許可をお願いしています。";
				INFOPLIST_KEY_UIApplicationSceneManifest_Generation = YES;
				INFOPLIST_KEY_UIApplicationSupportsIndirectInputEvents = YES;
				INFOPLIST_KEY_UILaunchScreen_Generation = YES;
				INFOPLIST_KEY_UISupportedInterfaceOrientations_iPad = "UIInterfaceOrientationPortrait UIInterfaceOrientationPortraitUpsideDown UIInterfaceOrientationLandscapeLeft UIInterfaceOrientationLandscapeRight";
				INFOPLIST_KEY_UISupportedInterfaceOrientations_iPhone = "UIInterfaceOrientationPortrait UIInterfaceOrientationLandscapeLeft UIInterfaceOrientationLandscapeRight";
				LD_RUNPATH_SEARCH_PATHS = (
					"$(inherited)",
					"@executable_path/Frameworks",
				);
				MARKETING_VERSION = 1.0;
				PRODUCT_BUNDLE_IDENTIFIER = simizuatusi.com.BookReader;
				PRODUCT_NAME = "$(TARGET_NAME)";
				SWIFT_EMIT_LOC_STRINGS = YES;
				SWIFT_VERSION = 5.0;
				TARGETED_DEVICE_FAMILY = "1,2";
			};
			name = Release;
		};
		0B21DD5B3049C9840055F2C9 /* Debug */ = {
			isa = XCBuildConfiguration;
			buildSettings = {
				BUNDLE_LOADER = "$(TEST_HOST)";
				CODE_SIGN_STYLE = Automatic;
				CURRENT_PROJECT_VERSION = 1;
				GENERATE_INFOPLIST_FILE = YES;
				IPHONEOS_DEPLOYMENT_TARGET = 18.1;
				MARKETING_VERSION = 1.0;
				PRODUCT_BUNDLE_IDENTIFIER = simizuatusi.com.BookReaderTests;
				PRODUCT_NAME = "$(TARGET_NAME)";
				SWIFT_EMIT_LOC_STRINGS = NO;
				SWIFT_VERSION = 5.0;
				TARGETED_DEVICE_FAMILY = "1,2";
				TEST_HOST = "$(BUILT_PRODUCTS_DIR)/BookReader.app/$(BUNDLE_EXECUTABLE_FOLDER_PATH)/BookReader";
			};
			name = Debug;
		};
		0B21DD5C3049C9840055F2C9 /* Release */ = {
			isa = XCBuildConfiguration;
			buildSettings = {
				BUNDLE_LOADER = "$(TEST_HOST)";
				CODE_SIGN_STYLE = Automatic;
				CURRENT_PROJECT_VERSION = 1;
				GENERATE_INFOPLIST_FILE = YES;
				IPHONEOS_DEPLOYMENT_TARGET = 18.1;
				MARKETING_VERSION = 1.0;
				PRODUCT_BUNDLE_IDENTIFIER = simizuatusi.com.BookReaderTests;
				PRODUCT_NAME = "$(TARGET_NAME)";
				SWIFT_EMIT_LOC_STRINGS = NO;
				SWIFT_VERSION = 5.0;
				TARGETED_DEVICE_FAMILY = "1,2";
				TEST_HOST = "$(BUILT_PRODUCTS_DIR)/BookReader.app/$(BUNDLE_EXECUTABLE_FOLDER_PATH)/BookReader";
			};
			name = Release;
		};
		0B21DD5E3049C9840055F2C9 /* Debug */ = {
			isa = XCBuildConfiguration;
			buildSettings = {
				CODE_SIGN_STYLE = Automatic;
				CURRENT_PROJECT_VERSION = 1;
				GENERATE_INFOPLIST_FILE = YES;
				MARKETING_VERSION = 1.0;
				PRODUCT_BUNDLE_IDENTIFIER = simizuatusi.com.BookReaderUITests;
				PRODUCT_NAME = "$(TARGET_NAME)";
				SWIFT_EMIT_LOC_STRINGS = NO;
				SWIFT_VERSION = 5.0;
				TARGETED_DEVICE_FAMILY = "1,2";
				TEST_TARGET_NAME = BookReader;
			};
			name = Debug;
		};
		0B21DD5F3049C9840055F2C9 /* Release */ = {
			isa = XCBuildConfiguration;
			buildSettings = {
				CODE_SIGN_STYLE = Automatic;
				CURRENT_PROJECT_VERSION = 1;
				GENERATE_INFOPLIST_FILE = YES;
				MARKETING_VERSION = 1.0;
				PRODUCT_BUNDLE_IDENTIFIER = simizuatusi.com.BookReaderUITests;
				PRODUCT_NAME = "$(TARGET_NAME)";
				SWIFT_EMIT_LOC_STRINGS = NO;
				SWIFT_VERSION = 5.0;
				TARGETED_DEVICE_FAMILY = "1,2";
				TEST_TARGET_NAME = BookReader;
			};
			name = Release;
		};
		586C67022C6D6F5AAF7614A3 /* Debug */ = {
			isa = XCBuildConfiguration;
			buildSettings = {
				CLANG_ENABLE_OBJC_WEAK = NO;
				CODE_SIGN_ENTITLEMENTS = BookReaderShareExtension/BookReaderShareExtension.entitlements;
				CODE_SIGN_STYLE = Automatic;
				CURRENT_PROJECT_VERSION = 1;
				DEVELOPMENT_TEAM = 59B5C482UW;
				GENERATE_INFOPLIST_FILE = YES;
				INFOPLIST_FILE = BookReaderShareExtension/Info.plist;
				INFOPLIST_KEY_CFBundleDisplayName = "積読レーダーで買う前チェック";
				IPHONEOS_DEPLOYMENT_TARGET = 18.1;
				MARKETING_VERSION = 1.0;
				PRODUCT_BUNDLE_IDENTIFIER = simizuatusi.com.BookReader.ShareExtension;
				PRODUCT_NAME = "$(TARGET_NAME)";
				SDKROOT = iphoneos;
				SKIP_INSTALL = YES;
				SWIFT_EMIT_LOC_STRINGS = YES;
				SWIFT_VERSION = 5.0;
				TARGETED_DEVICE_FAMILY = "1,2";
			};
			name = Debug;
		};
		837166C53024529F8142EB7F /* Release */ = {
			isa = XCBuildConfiguration;
			buildSettings = {
				CLANG_ENABLE_OBJC_WEAK = NO;
				CODE_SIGN_ENTITLEMENTS = BookReaderShareExtension/BookReaderShareExtension.entitlements;
				CODE_SIGN_STYLE = Automatic;
				CURRENT_PROJECT_VERSION = 1;
				DEVELOPMENT_TEAM = 59B5C482UW;
				GENERATE_INFOPLIST_FILE = YES;
				INFOPLIST_FILE = BookReaderShareExtension/Info.plist;
				INFOPLIST_KEY_CFBundleDisplayName = "積読レーダーで買う前チェック";
				IPHONEOS_DEPLOYMENT_TARGET = 18.1;
				MARKETING_VERSION = 1.0;
				PRODUCT_BUNDLE_IDENTIFIER = simizuatusi.com.BookReader.ShareExtension;
				PRODUCT_NAME = "$(TARGET_NAME)";
				SDKROOT = iphoneos;
				SKIP_INSTALL = YES;
				SWIFT_EMIT_LOC_STRINGS = YES;
				SWIFT_VERSION = 5.0;
				TARGETED_DEVICE_FAMILY = "1,2";
				VALIDATE_PRODUCT = YES;
			};
			name = Release;
		};
/* End XCBuildConfiguration section */

/* Begin XCConfigurationList section */
		0B21DD2E3049C9830055F2C9 /* Build configuration list for PBXProject "BookReader" */ = {
			isa = XCConfigurationList;
			buildConfigurations = (
				0B21DD553049C9840055F2C9 /* Debug */,
				0B21DD563049C9840055F2C9 /* Release */,
			);
			defaultConfigurationIsVisible = 0;
			defaultConfigurationName = Release;
		};
		0B21DD573049C9840055F2C9 /* Build configuration list for PBXNativeTarget "BookReader" */ = {
			isa = XCConfigurationList;
			buildConfigurations = (
				0B21DD583049C9840055F2C9 /* Debug */,
				0B21DD593049C9840055F2C9 /* Release */,
			);
			defaultConfigurationIsVisible = 0;
			defaultConfigurationName = Release;
		};
		0B21DD5A3049C9840055F2C9 /* Build configuration list for PBXNativeTarget "BookReaderTests" */ = {
			isa = XCConfigurationList;
			buildConfigurations = (
				0B21DD5B3049C9840055F2C9 /* Debug */,
				0B21DD5C3049C9840055F2C9 /* Release */,
			);
			defaultConfigurationIsVisible = 0;
			defaultConfigurationName = Release;
		};
		0B21DD5D3049C9840055F2C9 /* Build configuration list for PBXNativeTarget "BookReaderUITests" */ = {
			isa = XCConfigurationList;
			buildConfigurations = (
				0B21DD5E3049C9840055F2C9 /* Debug */,
				0B21DD5F3049C9840055F2C9 /* Release */,
			);
			defaultConfigurationIsVisible = 0;
			defaultConfigurationName = Release;
		};
		E18D29C4885E71C8E0756DE4 /* Build configuration list for PBXNativeTarget "BookReaderShareExtension" */ = {
			isa = XCConfigurationList;
			buildConfigurations = (
				837166C53024529F8142EB7F /* Release */,
				586C67022C6D6F5AAF7614A3 /* Debug */,
			);
			defaultConfigurationIsVisible = 0;
			defaultConfigurationName = Release;
		};
/* End XCConfigurationList section */
	};
	rootObject = 0B21DD2B3049C9830055F2C9 /* Project object */;
}
